
Microsoft Visual Studio Solution File, Format Version 12.00
# Visual Studio 15
VisualStudioVersion = 15.0.27130.2020
MinimumVisualStudioVersion = 10.0.40219.1
Project("{9A19103F-16F7-4668-BE54-9A1E7A4F7556}") = "Chiped", "Chip-8\Chiped.csproj", "{9F616050-541D-43BC-9F82-9DFBF481EDFE}"
EndProject
Global
	GlobalSection(SolutionConfigurationPlatforms) = preSolution
		Debug|Any CPU = Debug|Any CPU
		Release|Any CPU = Release|Any CPU
	EndGlobalSection
	GlobalSection(ProjectConfigurationPlatforms) = postSolution
		{9F616050-541D-43BC-9F82-9DFBF481EDFE}.Debug|Any CPU.ActiveCfg = Debug|Any CPU
		{9F616050-541D-43BC-9F82-9DFBF481EDFE}.Debug|Any CPU.Build.0 = Debug|Any CPU
		{9F616050-541D-43BC-9F82-9DFBF481EDFE}.Release|Any CPU.ActiveCfg = Release|Any CPU
		{9F616050-541D-43BC-9F82-9DFBF481EDFE}.Release|Any CPU.Build.0 = Release|Any CPU
	EndGlobalSection
	GlobalSection(SolutionProperties) = preSolution
		HideSolutionNode = FALSE
	EndGlobalSection
	GlobalSection(ExtensibilityGlobals) = postSolution
		SolutionGuid = {9372F2E1-33C6-4983-BC84-00E8CFB9E7F8}
	EndGlobalSection
EndGlobal
